
Microsoft Visual Studio Solution File, Format Version 12.00
# Visual Studio 2013
VisualStudioVersion = 12.0.30501.0
MinimumVisualStudioVersion = 10.0.40219.1
Project("{FAE04EC0-301F-11D3-BF4B-00C04F79EFBC}") = "Vantage", "Vantage\Vantage.csproj", "{F8C07122-BDD9-4F93-956A-BE261A8A90EC}"
EndProject
Project("{FAE04EC0-301F-11D3-BF4B-00C04F79EFBC}") = "Okaerinasai", "Okaerinasai\Okaerinasai.csproj", "{CAAD4409-9E84-47C1-BBDC-7F4AA4AF7BA2}"
EndProject
Global
	GlobalSection(SolutionConfigurationPlatforms) = preSolution
		Debug|Any CPU = Debug|Any CPU
		Release|Any CPU = Release|Any CPU
	EndGlobalSection
	GlobalSection(ProjectConfigurationPlatforms) = postSolution
		{F8C07122-BDD9-4F93-956A-BE261A8A90EC}.Debug|Any CPU.ActiveCfg = Debug|Any CPU
		{F8C07122-BDD9-4F93-956A-BE261A8A90EC}.Debug|Any CPU.Build.0 = Debug|Any CPU
		{F8C07122-BDD9-4F93-956A-BE261A8A90EC}.Release|Any CPU.ActiveCfg = Release|Any CPU
		{F8C07122-BDD9-4F93-956A-BE261A8A90EC}.Release|Any CPU.Build.0 = Release|Any CPU
		{CAAD4409-9E84-47C1-BBDC-7F4AA4AF7BA2}.Debug|Any CPU.ActiveCfg = Debug|Any CPU
		{CAAD4409-9E84-47C1-BBDC-7F4AA4AF7BA2}.Debug|Any CPU.Build.0 = Debug|Any CPU
		{CAAD4409-9E84-47C1-BBDC-7F4AA4AF7BA2}.Release|Any CPU.ActiveCfg = Release|Any CPU
		{CAAD4409-9E84-47C1-BBDC-7F4AA4AF7BA2}.Release|Any CPU.Build.0 = Release|Any CPU
	EndGlobalSection
	GlobalSection(SolutionProperties) = preSolution
		HideSolutionNode = FALSE
	EndGlobalSection
EndGlobal
